{
  "pins" : [
    {
      "identity" : "rncryptor",
      "kind" : "remoteSourceControl",
      "location" : "https://github.com/RNCryptor/RNCryptor.git",
      "state" : {
        "revision" : "5e3bbf44f08bf90049537cb8902d8f4fa911a79a",
        "version" : "5.1.0"
      }
    },
    {
      "identity" : "swift-argument-parser",
      "kind" : "remoteSourceControl",
      "location" : "https://github.com/apple/swift-argument-parser.git",
      "state" : {
        "revision" : "fee6933f37fde9a5e12a1e4aeaa93fe60116ff2a",
        "version" : "1.2.2"
      }
    }
  ],
  "version" : 2
}
